
Microsoft Visual Studio Solution File, Format Version 12.00
# Visual Studio Version 16
VisualStudioVersion = 16.0.31515.178
MinimumVisualStudioVersion = 10.0.40219.1
Project("{FAE04EC0-301F-11D3-BF4B-00C04F79EFBC}") = "AppControleRenda", "AppControleRenda\AppControleRenda.csproj", "{DB79D05F-F1F6-41DB-B934-1B08F9CBA77E}"
EndProject
Global
	GlobalSection(SolutionConfigurationPlatforms) = preSolution
		Debug|Any CPU = Debug|Any CPU
		Release|Any CPU = Release|Any CPU
	EndGlobalSection
	GlobalSection(ProjectConfigurationPlatforms) = postSolution
		{DB79D05F-F1F6-41DB-B934-1B08F9CBA77E}.Debug|Any CPU.ActiveCfg = Debug|Any CPU
		{DB79D05F-F1F6-41DB-B934-1B08F9CBA77E}.Debug|Any CPU.Build.0 = Debug|Any CPU
		{DB79D05F-F1F6-41DB-B934-1B08F9CBA77E}.Release|Any CPU.ActiveCfg = Release|Any CPU
		{DB79D05F-F1F6-41DB-B934-1B08F9CBA77E}.Release|Any CPU.Build.0 = Release|Any CPU
	EndGlobalSection
	GlobalSection(SolutionProperties) = preSolution
		HideSolutionNode = FALSE
	EndGlobalSection
	GlobalSection(ExtensibilityGlobals) = postSolution
		SolutionGuid = {FF0C5B54-D976-48FF-99F3-96BB43F4C41C}
	EndGlobalSection
EndGlobal
